Microsoft Visual Studio Solution File, Format Version 11.00
# Visual Studio 2008

Project("{C3933D2A-9401-CC8D-BA42-2D032330AE57}") = "AreaFlatMultiplayer", "Assembly-CSharp-firstpass.csproj", "{36009F46-F838-5D71-E89D-A994C5D54524}"
EndProject
Project("{C3933D2A-9401-CC8D-BA42-2D032330AE57}") = "AreaFlatMultiplayer", "Assembly-CSharp.csproj", "{62A9AEC6-0C5A-AA58-CA62-30E296513209}"
EndProject
Project("{C3933D2A-9401-CC8D-BA42-2D032330AE57}") = "AreaFlatMultiplayer", "Assembly-CSharp-Editor.csproj", "{99776236-B183-89D8-45ED-4FC92A9D5C39}"
EndProject
Global
	GlobalSection(SolutionConfigurationPlatforms) = preSolution
		Debug|Any CPU = Debug|Any CPU
		Release|Any CPU = Release|Any CPU
	EndGlobalSection
	GlobalSection(ProjectConfigurationPlatforms) = postSolution
		{36009F46-F838-5D71-E89D-A994C5D54524}.Debug|Any CPU.ActiveCfg = Debug|Any CPU
		{36009F46-F838-5D71-E89D-A994C5D54524}.Debug|Any CPU.Build.0 = Debug|Any CPU
		{36009F46-F838-5D71-E89D-A994C5D54524}.Release|Any CPU.ActiveCfg = Release|Any CPU
		{36009F46-F838-5D71-E89D-A994C5D54524}.Release|Any CPU.Build.0 = Release|Any CPU
		{62A9AEC6-0C5A-AA58-CA62-30E296513209}.Debug|Any CPU.ActiveCfg = Debug|Any CPU
		{62A9AEC6-0C5A-AA58-CA62-30E296513209}.Debug|Any CPU.Build.0 = Debug|Any CPU
		{62A9AEC6-0C5A-AA58-CA62-30E296513209}.Release|Any CPU.ActiveCfg = Release|Any CPU
		{62A9AEC6-0C5A-AA58-CA62-30E296513209}.Release|Any CPU.Build.0 = Release|Any CPU
		{99776236-B183-89D8-45ED-4FC92A9D5C39}.Debug|Any CPU.ActiveCfg = Debug|Any CPU
		{99776236-B183-89D8-45ED-4FC92A9D5C39}.Debug|Any CPU.Build.0 = Debug|Any CPU
		{99776236-B183-89D8-45ED-4FC92A9D5C39}.Release|Any CPU.ActiveCfg = Release|Any CPU
		{99776236-B183-89D8-45ED-4FC92A9D5C39}.Release|Any CPU.Build.0 = Release|Any CPU
	EndGlobalSection
	GlobalSection(SolutionProperties) = preSolution
		HideSolutionNode = FALSE
	EndGlobalSection
																																																																																		GlobalSection(MonoDevelopProperties) = preSolution
		StartupItem = Assembly-CSharp.csproj
		Policies = $0
		$0.TextStylePolicy = $1
		$1.inheritsSet = null
		$1.scope = text/x-csharp
		$0.CSharpFormattingPolicy = $2
		$2.inheritsSet = Mono
		$2.inheritsScope = text/x-csharp
		$2.scope = text/x-csharp
		$0.TextStylePolicy = $3
		$3.FileWidth = 120
		$3.TabWidth = 4
		$3.IndentWidth = 4
		$3.EolMarker = Unix
		$3.inheritsSet = Mono
		$3.inheritsScope = text/plain
		$3.scope = text/plain
	EndGlobalSection

EndGlobal
